{
  "name": "enhancedtable",
  "version": "1.0.0",
  "lockfileVersion": 1,
  "requires": true,
  "dependencies": {
    "ag-grid": {
      "version": "17.1.1",
      "resolved": "https://registry.npmjs.org/ag-grid/-/ag-grid-17.1.1.tgz",
      "integrity": "sha1-bHAQpl1ui2Nz4v6XZDye7PVBcCY="
    }
  }
}
