{
  "name": "enhancedtable",
  "version": "1.0.0",
  "lockfileVersion": 1,
  "requires": true,
  "dependencies": {
    "ag-grid": {
      "version": "18.1.2",
      "resolved": "https://registry.npmjs.org/ag-grid/-/ag-grid-18.1.2.tgz",
      "integrity": "sha512-HtJt8iFcRKCBj5UHBDmwSLLr72F3XDACeBNarH4nJWFHIqcnu7u0Ifrd2nftPmfEBj6YjFHawDqcZL2yo3YfmQ=="
    }
  }
}
