{
  "name": "enhancedtable",
  "version": "1.0.0",
  "lockfileVersion": 1,
  "requires": true,
  "dependencies": {
    "@types/jquery": {
      "version": "3.3.5",
      "resolved": "https://registry.npmjs.org/@types/jquery/-/jquery-3.3.5.tgz",
      "integrity": "sha512-18OnkBZ+9pOx8grC2w4i256VS+9j/Ya/N0DcWkZRgPrg7V2oolgk8n7790goBlnChL6nIXAXy1lBTrz/r4lJTg==",
      "dev": true
    },
    "ag-grid": {
      "version": "18.1.2",
      "resolved": "https://registry.npmjs.org/ag-grid/-/ag-grid-18.1.2.tgz",
      "integrity": "sha512-HtJt8iFcRKCBj5UHBDmwSLLr72F3XDACeBNarH4nJWFHIqcnu7u0Ifrd2nftPmfEBj6YjFHawDqcZL2yo3YfmQ=="
    }
  }
}
