{
  "name": "Features",
  "version": "1.0.1",
  "lockfileVersion": 1,
  "requires": true,
  "dependencies": {
    "rz-geosearch": {
      "version": "2.0.7",
      "resolved": "https://registry.npmjs.org/rz-geosearch/-/rz-geosearch-2.0.7.tgz",
      "integrity": "sha512-Owqv39aC9WE8sD7VoFeIufSvdZtIoSi3HADpZdV9mIJVtfm+h3HmPn8gIoQmcqhH4pXZdFiDJIYDmLkcw9rw0A=="
    }
  }
}
